
Microsoft Visual Studio Solution File, Format Version 12.00
# Visual Studio Version 17
VisualStudioVersion = 17.13.35806.99 d17.13
MinimumVisualStudioVersion = 10.0.40219.1
Project("{FAE04EC0-301F-11D3-BF4B-00C04F79EFBC}") = "Activity4&5", "Activity4&5\Activity4&5.csproj", "{1AD81F5F-2081-4E19-A6A7-ABC321982AD3}"
EndProject
Global
	GlobalSection(SolutionConfigurationPlatforms) = preSolution
		Debug|Any CPU = Debug|Any CPU
		Release|Any CPU = Release|Any CPU
	EndGlobalSection
	GlobalSection(ProjectConfigurationPlatforms) = postSolution
		{1AD81F5F-2081-4E19-A6A7-ABC321982AD3}.Debug|Any CPU.ActiveCfg = Debug|Any CPU
		{1AD81F5F-2081-4E19-A6A7-ABC321982AD3}.Debug|Any CPU.Build.0 = Debug|Any CPU
		{1AD81F5F-2081-4E19-A6A7-ABC321982AD3}.Release|Any CPU.ActiveCfg = Release|Any CPU
		{1AD81F5F-2081-4E19-A6A7-ABC321982AD3}.Release|Any CPU.Build.0 = Release|Any CPU
	EndGlobalSection
	GlobalSection(SolutionProperties) = preSolution
		HideSolutionNode = FALSE
	EndGlobalSection
	GlobalSection(ExtensibilityGlobals) = postSolution
		SolutionGuid = {F5A40DBD-C2E6-41E8-8F2B-BCB7050BB9E4}
	EndGlobalSection
EndGlobal
